
Microsoft Visual Studio Solution File, Format Version 12.00
# Visual Studio 15
VisualStudioVersion = 15.0.28307.421
MinimumVisualStudioVersion = 10.0.40219.1
Project("{FAE04EC0-301F-11D3-BF4B-00C04F79EFBC}") = "TesterGame", "TesterGame.csproj", "{AB423AAE-49B2-4137-BCCA-F2748EB63EB9}"
EndProject
Global
	GlobalSection(SolutionConfigurationPlatforms) = preSolution
		Debug|x86 = Debug|x86
		Release|x86 = Release|x86
	EndGlobalSection
	GlobalSection(ProjectConfigurationPlatforms) = postSolution
		{AB423AAE-49B2-4137-BCCA-F2748EB63EB9}.Debug|x86.ActiveCfg = Debug|x86
		{AB423AAE-49B2-4137-BCCA-F2748EB63EB9}.Debug|x86.Build.0 = Debug|x86
		{AB423AAE-49B2-4137-BCCA-F2748EB63EB9}.Release|x86.ActiveCfg = Release|x86
		{AB423AAE-49B2-4137-BCCA-F2748EB63EB9}.Release|x86.Build.0 = Release|x86
	EndGlobalSection
	GlobalSection(SolutionProperties) = preSolution
		HideSolutionNode = FALSE
	EndGlobalSection
	GlobalSection(ExtensibilityGlobals) = postSolution
		SolutionGuid = {7BB93052-E46D-4B04-9500-F22A2E9FEF08}
	EndGlobalSection
EndGlobal
