
Microsoft Visual Studio Solution File, Format Version 12.00
# Visual Studio Version 16
VisualStudioVersion = 16.0.30426.262
MinimumVisualStudioVersion = 10.0.40219.1
Project("{FAE04EC0-301F-11D3-BF4B-00C04F79EFBC}") = "AnotherSolution", "AnotherSolution\AnotherSolution.csproj", "{4343B1BF-A100-4951-90AD-42CB919F2895}"
EndProject
Global
	GlobalSection(SolutionConfigurationPlatforms) = preSolution
		Debug|Any CPU = Debug|Any CPU
		Release|Any CPU = Release|Any CPU
	EndGlobalSection
	GlobalSection(ProjectConfigurationPlatforms) = postSolution
		{4343B1BF-A100-4951-90AD-42CB919F2895}.Debug|Any CPU.ActiveCfg = Debug|Any CPU
		{4343B1BF-A100-4951-90AD-42CB919F2895}.Debug|Any CPU.Build.0 = Debug|Any CPU
		{4343B1BF-A100-4951-90AD-42CB919F2895}.Release|Any CPU.ActiveCfg = Release|Any CPU
		{4343B1BF-A100-4951-90AD-42CB919F2895}.Release|Any CPU.Build.0 = Release|Any CPU
	EndGlobalSection
	GlobalSection(SolutionProperties) = preSolution
		HideSolutionNode = FALSE
	EndGlobalSection
	GlobalSection(ExtensibilityGlobals) = postSolution
		SolutionGuid = {CE15F879-CB32-4B6C-89A8-1C23E5920DEF}
	EndGlobalSection
EndGlobal
